{
  "name": "pgcv-frontend-v5-preview",
  "lockfileVersion": 3,
  "requires": true,
  "packages": {
    "": {
      "name": "pgcv-frontend-v5-preview",
      "dependencies": {
        "admin-lte": "4.10.0",
        "bootstrap": "5.3.8",
        "datatables.net": "3.1.3",
        "datatables.net-bs5": "3.1.3"
      }
    },
    "node_modules/@popperjs/core": {
      "version": "2.11.8",
      "resolved": "https://registry.npmjs.org/@popperjs/core/-/core-2.11.8.tgz",
      "integrity": "sha512-P1st0aksCrn9sGZhp8GMYwBnQsbvAWsZAX44oXNNvLHGqAOcoVxmjZiohstwQ7SqKnbR47akdNi+uleWD8+g6A==",
      "license": "MIT",
      "peer": true,
      "funding": {
        "type": "opencollective",
        "url": "https://opencollective.com/popperjs"
      }
    },
    "node_modules/admin-lte": {
      "version": "4.10.0",
      "resolved": "https://registry.npmjs.org/admin-lte/-/admin-lte-4.10.0.tgz",
      "integrity": "sha512-CIJrStDk3l7d3md9qQWaV1OiIzk3tOUXryAdsWIt5nKex8VO7CL2xAYzMg5X5rjpJ2XcWerkltJT0hlGd1wx3w==",
      "license": "MIT",
      "engines": {
        "node": ">=20"
      },
      "peerDependencies": {
        "bootstrap": "^5.3.8"
      }
    },
    "node_modules/bootstrap": {
      "version": "5.3.8",
      "resolved": "https://registry.npmjs.org/bootstrap/-/bootstrap-5.3.8.tgz",
      "integrity": "sha512-HP1SZDqaLDPwsNiqRqi5NcP0SSXciX2s9E+RyqJIIqGo+vJeN5AJVM98CXmW/Wux0nQ5L7jeWUdplCEf0Ee+tg==",
      "funding": [
        {
          "type": "github",
          "url": "https://github.com/sponsors/twbs"
        },
        {
          "type": "opencollective",
          "url": "https://opencollective.com/bootstrap"
        }
      ],
      "license": "MIT",
      "peerDependencies": {
        "@popperjs/core": "^2.11.8"
      }
    },
    "node_modules/datatables.net": {
      "version": "3.1.3",
      "resolved": "https://registry.npmjs.org/datatables.net/-/datatables.net-3.1.3.tgz",
      "integrity": "sha512-B34/A+KAkKQnl6si+SgmB8grhDepfHDXEFyQxJanqY70dB4ab0pHTF1aHZvLKKruuUoL815/y3YeTSYUr/pAOw==",
      "license": "MIT"
    },
    "node_modules/datatables.net-bs5": {
      "version": "3.1.3",
      "resolved": "https://registry.npmjs.org/datatables.net-bs5/-/datatables.net-bs5-3.1.3.tgz",
      "integrity": "sha512-6ypicbuX5yWBsOjeNPLE1YhxSEK0bhoiyOfutSjrrzzgmybV8HywIXObQb1tWEw24ZNi6/CaL8ZAmIfL466JLQ==",
      "license": "MIT",
      "dependencies": {
        "datatables.net": "3.1.3"
      }
    }
  }
}
